
Microsoft Visual Studio Solution File, Format Version 12.00
# Visual Studio Version 17
VisualStudioVersion = 17.5.33530.505
MinimumVisualStudioVersion = 10.0.40219.1
Project("{FAE04EC0-301F-11D3-BF4B-00C04F79EFBC}") = "PlaytimeTracker", "PlaytimeTracker.csproj", "{836232CD-AA5D-4A23-B7B0-189597ACE923}"
EndProject
Global
	GlobalSection(SolutionConfigurationPlatforms) = preSolution
		Debug|Any CPU = Debug|Any CPU
		Release|Any CPU = Release|Any CPU
	EndGlobalSection
	GlobalSection(ProjectConfigurationPlatforms) = postSolution
		{836232CD-AA5D-4A23-B7B0-189597ACE923}.Debug|Any CPU.ActiveCfg = Debug|Any CPU
		{836232CD-AA5D-4A23-B7B0-189597ACE923}.Debug|Any CPU.Build.0 = Debug|Any CPU
		{836232CD-AA5D-4A23-B7B0-189597ACE923}.Release|Any CPU.ActiveCfg = Release|Any CPU
		{836232CD-AA5D-4A23-B7B0-189597ACE923}.Release|Any CPU.Build.0 = Release|Any CPU
	EndGlobalSection
	GlobalSection(SolutionProperties) = preSolution
		HideSolutionNode = FALSE
	EndGlobalSection
	GlobalSection(ExtensibilityGlobals) = postSolution
		SolutionGuid = {082C45B1-E525-484B-8278-79E3AD791F61}
	EndGlobalSection
EndGlobal
